// !$*UTF8*$!
{
	archiveVersion = 1;
	classes = {
	};
	objectVersion = 52;
	objects = {

/* Begin PBXBuildFile section */
		1142AD5C26F0A287001B1F53 /* Nuke in Frameworks */ = {isa = PBXBuildFile; productRef = 1142AD5B26F0A287001B1F53 /* Nuke */; };
		1142AD5F26F0A7A3001B1F53 /* Configure.swift in Sources */ = {isa = PBXBuildFile; fileRef = 1142AD5E26F0A7A3001B1F53 /* Configure.swift */; };
		1142AD6126F0B311001B1F53 /* TableViewGameCell.swift in Sources */ = {isa = PBXBuildFile; fileRef = 1142AD6026F0B311001B1F53 /* TableViewGameCell.swift */; };
		1142AD6326F0DAEC001B1F53 /* FeaturedGameCell.swift in Sources */ = {isa = PBXBuildFile; fileRef = 1142AD6226F0DAEC001B1F53 /* FeaturedGameCell.swift */; };
		1147ADEF26ECD53100A30AAF /* AppDelegate.swift in Sources */ = {isa = PBXBuildFile; fileRef = 1147ADEE26ECD53100A30AAF /* AppDelegate.swift */; };
		1147ADF326ECD53100A30AAF /* ViewController.swift in Sources */ = {isa = PBXBuildFile; fileRef = 1147ADF226ECD53100A30AAF /* ViewController.swift */; };
		1147ADF926ECD53100A30AAF /* GamerApp.xcdatamodeld in Sources */ = {isa = PBXBuildFile; fileRef = 1147ADF726ECD53100A30AAF /* GamerApp.xcdatamodeld */; };
		1147ADFB26ECD53200A30AAF /* Assets.xcassets in Resources */ = {isa = PBXBuildFile; fileRef = 1147ADFA26ECD53200A30AAF /* Assets.xcassets */; };
		1147ADFE26ECD53200A30AAF /* LaunchScreen.storyboard in Resources */ = {isa = PBXBuildFile; fileRef = 1147ADFC26ECD53200A30AAF /* LaunchScreen.storyboard */; };
		1147AE1D26ECD5C700A30AAF /* Home.storyboard in Resources */ = {isa = PBXBuildFile; fileRef = 1147AE1626ECD5C700A30AAF /* Home.storyboard */; };
		1147AE1E26ECD5C700A30AAF /* HomeViewController.swift in Sources */ = {isa = PBXBuildFile; fileRef = 1147AE1726ECD5C700A30AAF /* HomeViewController.swift */; };
		1147AE1F26ECD5C700A30AAF /* HomePresenter.swift in Sources */ = {isa = PBXBuildFile; fileRef = 1147AE1826ECD5C700A30AAF /* HomePresenter.swift */; };
		1147AE2026ECD5C700A30AAF /* HomeInteractor.swift in Sources */ = {isa = PBXBuildFile; fileRef = 1147AE1926ECD5C700A30AAF /* HomeInteractor.swift */; };
		1147AE2126ECD5C700A30AAF /* HomeModels.swift in Sources */ = {isa = PBXBuildFile; fileRef = 1147AE1A26ECD5C700A30AAF /* HomeModels.swift */; };
		1147AE2226ECD5C700A30AAF /* HomeWorker.swift in Sources */ = {isa = PBXBuildFile; fileRef = 1147AE1B26ECD5C700A30AAF /* HomeWorker.swift */; };
		1147AE2326ECD5C700A30AAF /* HomeRouter.swift in Sources */ = {isa = PBXBuildFile; fileRef = 1147AE1C26ECD5C700A30AAF /* HomeRouter.swift */; };
		1147AE3426ECD6D400A30AAF /* GamesList.swift in Sources */ = {isa = PBXBuildFile; fileRef = 1147AE3326ECD6D400A30AAF /* GamesList.swift */; };
		1147AE3626ECD6DA00A30AAF /* GamesDetails.swift in Sources */ = {isa = PBXBuildFile; fileRef = 1147AE3526ECD6DA00A30AAF /* GamesDetails.swift */; };
		1147AE4026ECD6F900A30AAF /* Details.storyboard in Resources */ = {isa = PBXBuildFile; fileRef = 1147AE3926ECD6F900A30AAF /* Details.storyboard */; };
		1147AE4126ECD6F900A30AAF /* DetailsViewController.swift in Sources */ = {isa = PBXBuildFile; fileRef = 1147AE3A26ECD6F900A30AAF /* DetailsViewController.swift */; };
		1147AE4226ECD6F900A30AAF /* DetailsPresenter.swift in Sources */ = {isa = PBXBuildFile; fileRef = 1147AE3B26ECD6F900A30AAF /* DetailsPresenter.swift */; };
		1147AE4326ECD6F900A30AAF /* DetailsInteractor.swift in Sources */ = {isa = PBXBuildFile; fileRef = 1147AE3C26ECD6F900A30AAF /* DetailsInteractor.swift */; };
		1147AE4426ECD6F900A30AAF /* DetailsModels.swift in Sources */ = {isa = PBXBuildFile; fileRef = 1147AE3D26ECD6F900A30AAF /* DetailsModels.swift */; };
		1147AE4526ECD6F900A30AAF /* DetailsWorker.swift in Sources */ = {isa = PBXBuildFile; fileRef = 1147AE3E26ECD6F900A30AAF /* DetailsWorker.swift */; };
		1147AE4626ECD6F900A30AAF /* DetailsRouter.swift in Sources */ = {isa = PBXBuildFile; fileRef = 1147AE3F26ECD6F900A30AAF /* DetailsRouter.swift */; };
		1147AE4926ECDAF800A30AAF /* SnapKit in Frameworks */ = {isa = PBXBuildFile; productRef = 1147AE4826ECDAF800A30AAF /* SnapKit */; };
		1147AE4B26ECDBE400A30AAF /* CarouselGameCell.swift in Sources */ = {isa = PBXBuildFile; fileRef = 1147AE4A26ECDBE400A30AAF /* CarouselGameCell.swift */; };
		1147AE4F26ECE55000A30AAF /* NetworkManager.swift in Sources */ = {isa = PBXBuildFile; fileRef = 1147AE4E26ECE55000A30AAF /* NetworkManager.swift */; };
/* End PBXBuildFile section */

/* Begin PBXFileReference section */
		1142AD5E26F0A7A3001B1F53 /* Configure.swift */ = {isa = PBXFileReference; lastKnownFileType = sourcecode.swift; path = Configure.swift; sourceTree = "<group>"; };
		1142AD6026F0B311001B1F53 /* TableViewGameCell.swift */ = {isa = PBXFileReference; lastKnownFileType = sourcecode.swift; path = TableViewGameCell.swift; sourceTree = "<group>"; };
		1142AD6226F0DAEC001B1F53 /* FeaturedGameCell.swift */ = {isa = PBXFileReference; lastKnownFileType = sourcecode.swift; path = FeaturedGameCell.swift; sourceTree = "<group>"; };
		1147ADEB26ECD53100A30AAF /* GamerApp.app */ = {isa = PBXFileReference; explicitFileType = wrapper.application; includeInIndex = 0; path = GamerApp.app; sourceTree = BUILT_PRODUCTS_DIR; };
		1147ADEE26ECD53100A30AAF /* AppDelegate.swift */ = {isa = PBXFileReference; lastKnownFileType = sourcecode.swift; path = AppDelegate.swift; sourceTree = "<group>"; };
		1147ADF226ECD53100A30AAF /* ViewController.swift */ = {isa = PBXFileReference; lastKnownFileType = sourcecode.swift; path = ViewController.swift; sourceTree = "<group>"; };
		1147ADF826ECD53100A30AAF /* GamerApp.xcdatamodel */ = {isa = PBXFileReference; lastKnownFileType = wrapper.xcdatamodel; path = GamerApp.xcdatamodel; sourceTree = "<group>"; };
		1147ADFA26ECD53200A30AAF /* Assets.xcassets */ = {isa = PBXFileReference; lastKnownFileType = folder.assetcatalog; path = Assets.xcassets; sourceTree = "<group>"; };
		1147ADFD26ECD53200A30AAF /* Base */ = {isa = PBXFileReference; lastKnownFileType = file.storyboard; name = Base; path = Base.lproj/LaunchScreen.storyboard; sourceTree = "<group>"; };
		1147ADFF26ECD53200A30AAF /* Info.plist */ = {isa = PBXFileReference; lastKnownFileType = text.plist.xml; path = Info.plist; sourceTree = "<group>"; };
		1147AE1626ECD5C700A30AAF /* Home.storyboard */ = {isa = PBXFileReference; lastKnownFileType = file.storyboard; path = Home.storyboard; sourceTree = "<group>"; };
		1147AE1726ECD5C700A30AAF /* HomeViewController.swift */ = {isa = PBXFileReference; lastKnownFileType = sourcecode.swift; path = HomeViewController.swift; sourceTree = "<group>"; };
		1147AE1826ECD5C700A30AAF /* HomePresenter.swift */ = {isa = PBXFileReference; lastKnownFileType = sourcecode.swift; path = HomePresenter.swift; sourceTree = "<group>"; };
		1147AE1926ECD5C700A30AAF /* HomeInteractor.swift */ = {isa = PBXFileReference; lastKnownFileType = sourcecode.swift; path = HomeInteractor.swift; sourceTree = "<group>"; };
		1147AE1A26ECD5C700A30AAF /* HomeModels.swift */ = {isa = PBXFileReference; lastKnownFileType = sourcecode.swift; path = HomeModels.swift; sourceTree = "<group>"; };
		1147AE1B26ECD5C700A30AAF /* HomeWorker.swift */ = {isa = PBXFileReference; lastKnownFileType = sourcecode.swift; path = HomeWorker.swift; sourceTree = "<group>"; };
		1147AE1C26ECD5C700A30AAF /* HomeRouter.swift */ = {isa = PBXFileReference; lastKnownFileType = sourcecode.swift; path = HomeRouter.swift; sourceTree = "<group>"; };
		1147AE3326ECD6D400A30AAF /* GamesList.swift */ = {isa = PBXFileReference; lastKnownFileType = sourcecode.swift; path = GamesList.swift; sourceTree = "<group>"; };
		1147AE3526ECD6DA00A30AAF /* GamesDetails.swift */ = {isa = PBXFileReference; lastKnownFileType = sourcecode.swift; path = GamesDetails.swift; sourceTree = "<group>"; };
		1147AE3926ECD6F900A30AAF /* Details.storyboard */ = {isa = PBXFileReference; lastKnownFileType = file.storyboard; path = Details.storyboard; sourceTree = "<group>"; };
		1147AE3A26ECD6F900A30AAF /* DetailsViewController.swift */ = {isa = PBXFileReference; lastKnownFileType = sourcecode.swift; path = DetailsViewController.swift; sourceTree = "<group>"; };
		1147AE3B26ECD6F900A30AAF /* DetailsPresenter.swift */ = {isa = PBXFileReference; lastKnownFileType = sourcecode.swift; path = DetailsPresenter.swift; sourceTree = "<group>"; };
		1147AE3C26ECD6F900A30AAF /* DetailsInteractor.swift */ = {isa = PBXFileReference; lastKnownFileType = sourcecode.swift; path = DetailsInteractor.swift; sourceTree = "<group>"; };
		1147AE3D26ECD6F900A30AAF /* DetailsModels.swift */ = {isa = PBXFileReference; lastKnownFileType = sourcecode.swift; path = DetailsModels.swift; sourceTree = "<group>"; };
		1147AE3E26ECD6F900A30AAF /* DetailsWorker.swift */ = {isa = PBXFileReference; lastKnownFileType = sourcecode.swift; path = DetailsWorker.swift; sourceTree = "<group>"; };
		1147AE3F26ECD6F900A30AAF /* DetailsRouter.swift */ = {isa = PBXFileReference; lastKnownFileType = sourcecode.swift; path = DetailsRouter.swift; sourceTree = "<group>"; };
		1147AE4A26ECDBE400A30AAF /* CarouselGameCell.swift */ = {isa = PBXFileReference; lastKnownFileType = sourcecode.swift; path = CarouselGameCell.swift; sourceTree = "<group>"; };
		1147AE4E26ECE55000A30AAF /* NetworkManager.swift */ = {isa = PBXFileReference; lastKnownFileType = sourcecode.swift; path = NetworkManager.swift; sourceTree = "<group>"; };
/* End PBXFileReference section */

/* Begin PBXFrameworksBuildPhase section */
		1147ADE826ECD53100A30AAF /* Frameworks */ = {
			isa = PBXFrameworksBuildPhase;
			buildActionMask = 2147483647;
			files = (
				1147AE4926ECDAF800A30AAF /* SnapKit in Frameworks */,
				1142AD5C26F0A287001B1F53 /* Nuke in Frameworks */,
			);
			runOnlyForDeploymentPostprocessing = 0;
		};
/* End PBXFrameworksBuildPhase section */

/* Begin PBXGroup section */
		1142AD5D26F0A79B001B1F53 /* Utilities */ = {
			isa = PBXGroup;
			children = (
				1142AD5E26F0A7A3001B1F53 /* Configure.swift */,
			);
			path = Utilities;
			sourceTree = "<group>";
		};
		1147ADE226ECD53100A30AAF = {
			isa = PBXGroup;
			children = (
				1147ADED26ECD53100A30AAF /* GamerApp */,
				1147ADEC26ECD53100A30AAF /* Products */,
			);
			sourceTree = "<group>";
		};
		1147ADEC26ECD53100A30AAF /* Products */ = {
			isa = PBXGroup;
			children = (
				1147ADEB26ECD53100A30AAF /* GamerApp.app */,
			);
			name = Products;
			sourceTree = "<group>";
		};
		1147ADED26ECD53100A30AAF /* GamerApp */ = {
			isa = PBXGroup;
			children = (
				1142AD5D26F0A79B001B1F53 /* Utilities */,
				1147AE4C26ECE53F00A30AAF /* Network */,
				1147AE3226ECD6BB00A30AAF /* Request&Response Models */,
				1147AE1326ECD58700A30AAF /* Scenes */,
				1147AE3826ECD6EA00A30AAF /* Details */,
				1147ADEE26ECD53100A30AAF /* AppDelegate.swift */,
				1147ADF226ECD53100A30AAF /* ViewController.swift */,
				1147ADFA26ECD53200A30AAF /* Assets.xcassets */,
				1147ADFC26ECD53200A30AAF /* LaunchScreen.storyboard */,
				1147ADFF26ECD53200A30AAF /* Info.plist */,
				1147ADF726ECD53100A30AAF /* GamerApp.xcdatamodeld */,
			);
			path = GamerApp;
			sourceTree = "<group>";
		};
		1147AE1326ECD58700A30AAF /* Scenes */ = {
			isa = PBXGroup;
			children = (
				1147AE1426ECD5AE00A30AAF /* Home */,
			);
			path = Scenes;
			sourceTree = "<group>";
		};
		1147AE1426ECD5AE00A30AAF /* Home */ = {
			isa = PBXGroup;
			children = (
				1147AE1626ECD5C700A30AAF /* Home.storyboard */,
				1147AE1726ECD5C700A30AAF /* HomeViewController.swift */,
				1147AE1926ECD5C700A30AAF /* HomeInteractor.swift */,
				1147AE1826ECD5C700A30AAF /* HomePresenter.swift */,
				1147AE1A26ECD5C700A30AAF /* HomeModels.swift */,
				1147AE1B26ECD5C700A30AAF /* HomeWorker.swift */,
				1147AE1C26ECD5C700A30AAF /* HomeRouter.swift */,
				1147AE4A26ECDBE400A30AAF /* CarouselGameCell.swift */,
				1142AD6026F0B311001B1F53 /* TableViewGameCell.swift */,
				1142AD6226F0DAEC001B1F53 /* FeaturedGameCell.swift */,
			);
			path = Home;
			sourceTree = "<group>";
		};
		1147AE3226ECD6BB00A30AAF /* Request&Response Models */ = {
			isa = PBXGroup;
			children = (
				1147AE3326ECD6D400A30AAF /* GamesList.swift */,
				1147AE3526ECD6DA00A30AAF /* GamesDetails.swift */,
			);
			path = "Request&Response Models";
			sourceTree = "<group>";
		};
		1147AE3826ECD6EA00A30AAF /* Details */ = {
			isa = PBXGroup;
			children = (
				1147AE3926ECD6F900A30AAF /* Details.storyboard */,
				1147AE3A26ECD6F900A30AAF /* DetailsViewController.swift */,
				1147AE3B26ECD6F900A30AAF /* DetailsPresenter.swift */,
				1147AE3C26ECD6F900A30AAF /* DetailsInteractor.swift */,
				1147AE3D26ECD6F900A30AAF /* DetailsModels.swift */,
				1147AE3E26ECD6F900A30AAF /* DetailsWorker.swift */,
				1147AE3F26ECD6F900A30AAF /* DetailsRouter.swift */,
			);
			path = Details;
			sourceTree = "<group>";
		};
		1147AE4C26ECE53F00A30AAF /* Network */ = {
			isa = PBXGroup;
			children = (
				1147AE4E26ECE55000A30AAF /* NetworkManager.swift */,
			);
			path = Network;
			sourceTree = "<group>";
		};
/* End PBXGroup section */

/* Begin PBXNativeTarget section */
		1147ADEA26ECD53100A30AAF /* GamerApp */ = {
			isa = PBXNativeTarget;
			buildConfigurationList = 1147AE0226ECD53200A30AAF /* Build configuration list for PBXNativeTarget "GamerApp" */;
			buildPhases = (
				1147ADE726ECD53100A30AAF /* Sources */,
				1147ADE826ECD53100A30AAF /* Frameworks */,
				1147ADE926ECD53100A30AAF /* Resources */,
			);
			buildRules = (
			);
			dependencies = (
			);
			name = GamerApp;
			packageProductDependencies = (
				1147AE4826ECDAF800A30AAF /* SnapKit */,
				1142AD5B26F0A287001B1F53 /* Nuke */,
			);
			productName = GamerApp;
			productReference = 1147ADEB26ECD53100A30AAF /* GamerApp.app */;
			productType = "com.apple.product-type.application";
		};
/* End PBXNativeTarget section */

/* Begin PBXProject section */
		1147ADE326ECD53100A30AAF /* Project object */ = {
			isa = PBXProject;
			attributes = {
				LastSwiftUpdateCheck = 1250;
				LastUpgradeCheck = 1250;
				TargetAttributes = {
					1147ADEA26ECD53100A30AAF = {
						CreatedOnToolsVersion = 12.5.1;
					};
				};
			};
			buildConfigurationList = 1147ADE626ECD53100A30AAF /* Build configuration list for PBXProject "GamerApp" */;
			compatibilityVersion = "Xcode 9.3";
			developmentRegion = en;
			hasScannedForEncodings = 0;
			knownRegions = (
				en,
				Base,
			);
			mainGroup = 1147ADE226ECD53100A30AAF;
			packageReferences = (
				1147AE4726ECDAF800A30AAF /* XCRemoteSwiftPackageReference "SnapKit" */,
				1142AD5A26F0A287001B1F53 /* XCRemoteSwiftPackageReference "Nuke" */,
			);
			productRefGroup = 1147ADEC26ECD53100A30AAF /* Products */;
			projectDirPath = "";
			projectRoot = "";
			targets = (
				1147ADEA26ECD53100A30AAF /* GamerApp */,
			);
		};
/* End PBXProject section */

/* Begin PBXResourcesBuildPhase section */
		1147ADE926ECD53100A30AAF /* Resources */ = {
			isa = PBXResourcesBuildPhase;
			buildActionMask = 2147483647;
			files = (
				1147AE1D26ECD5C700A30AAF /* Home.storyboard in Resources */,
				1147ADFE26ECD53200A30AAF /* LaunchScreen.storyboard in Resources */,
				1147ADFB26ECD53200A30AAF /* Assets.xcassets in Resources */,
				1147AE4026ECD6F900A30AAF /* Details.storyboard in Resources */,
			);
			runOnlyForDeploymentPostprocessing = 0;
		};
/* End PBXResourcesBuildPhase section */

/* Begin PBXSourcesBuildPhase section */
		1147ADE726ECD53100A30AAF /* Sources */ = {
			isa = PBXSourcesBuildPhase;
			buildActionMask = 2147483647;
			files = (
				1147AE4F26ECE55000A30AAF /* NetworkManager.swift in Sources */,
				1147ADF326ECD53100A30AAF /* ViewController.swift in Sources */,
				1147AE4326ECD6F900A30AAF /* DetailsInteractor.swift in Sources */,
				1147ADEF26ECD53100A30AAF /* AppDelegate.swift in Sources */,
				1142AD5F26F0A7A3001B1F53 /* Configure.swift in Sources */,
				1147AE3426ECD6D400A30AAF /* GamesList.swift in Sources */,
				1147ADF926ECD53100A30AAF /* GamerApp.xcdatamodeld in Sources */,
				1147AE2026ECD5C700A30AAF /* HomeInteractor.swift in Sources */,
				1147AE4426ECD6F900A30AAF /* DetailsModels.swift in Sources */,
				1147AE1F26ECD5C700A30AAF /* HomePresenter.swift in Sources */,
				1147AE1E26ECD5C700A30AAF /* HomeViewController.swift in Sources */,
				1142AD6326F0DAEC001B1F53 /* FeaturedGameCell.swift in Sources */,
				1147AE2226ECD5C700A30AAF /* HomeWorker.swift in Sources */,
				1147AE3626ECD6DA00A30AAF /* GamesDetails.swift in Sources */,
				1147AE4B26ECDBE400A30AAF /* CarouselGameCell.swift in Sources */,
				1147AE4226ECD6F900A30AAF /* DetailsPresenter.swift in Sources */,
				1147AE4626ECD6F900A30AAF /* DetailsRouter.swift in Sources */,
				1147AE2326ECD5C700A30AAF /* HomeRouter.swift in Sources */,
				1142AD6126F0B311001B1F53 /* TableViewGameCell.swift in Sources */,
				1147AE2126ECD5C700A30AAF /* HomeModels.swift in Sources */,
				1147AE4526ECD6F900A30AAF /* DetailsWorker.swift in Sources */,
				1147AE4126ECD6F900A30AAF /* DetailsViewController.swift in Sources */,
			);
			runOnlyForDeploymentPostprocessing = 0;
		};
/* End PBXSourcesBuildPhase section */

/* Begin PBXVariantGroup section */
		1147ADFC26ECD53200A30AAF /* LaunchScreen.storyboard */ = {
			isa = PBXVariantGroup;
			children = (
				1147ADFD26ECD53200A30AAF /* Base */,
			);
			name = LaunchScreen.storyboard;
			sourceTree = "<group>";
		};
/* End PBXVariantGroup section */

/* Begin XCBuildConfiguration section */
		1147AE0026ECD53200A30AAF /* Debug */ = {
			isa = XCBuildConfiguration;
			buildSettings = {
				ALWAYS_SEARCH_USER_PATHS = NO;
				CLANG_ANALYZER_NONNULL = YES;
				CLANG_ANALYZER_NUMBER_OBJECT_CONVERSION = YES_AGGRESSIVE;
				CLANG_CXX_LANGUAGE_STANDARD = "gnu++14";
				CLANG_CXX_LIBRARY = "libc++";
				CLANG_ENABLE_MODULES = YES;
				CLANG_ENABLE_OBJC_ARC = YES;
				CLANG_ENABLE_OBJC_WEAK = YES;
				CLANG_WARN_BLOCK_CAPTURE_AUTORELEASING = YES;
				CLANG_WARN_BOOL_CONVERSION = YES;
				CLANG_WARN_COMMA = YES;
				CLANG_WARN_CONSTANT_CONVERSION = YES;
				CLANG_WARN_DEPRECATED_OBJC_IMPLEMENTATIONS = YES;
				CLANG_WARN_DIRECT_OBJC_ISA_USAGE = YES_ERROR;
				CLANG_WARN_DOCUMENTATION_COMMENTS = YES;
				CLANG_WARN_EMPTY_BODY = YES;
				CLANG_WARN_ENUM_CONVERSION = YES;
				CLANG_WARN_INFINITE_RECURSION = YES;
				CLANG_WARN_INT_CONVERSION = YES;
				CLANG_WARN_NON_LITERAL_NULL_CONVERSION = YES;
				CLANG_WARN_OBJC_IMPLICIT_RETAIN_SELF = YES;
				CLANG_WARN_OBJC_LITERAL_CONVERSION = YES;
				CLANG_WARN_OBJC_ROOT_CLASS = YES_ERROR;
				CLANG_WARN_QUOTED_INCLUDE_IN_FRAMEWORK_HEADER = YES;
				CLANG_WARN_RANGE_LOOP_ANALYSIS = YES;
				CLANG_WARN_STRICT_PROTOTYPES = YES;
				CLANG_WARN_SUSPICIOUS_MOVE = YES;
				CLANG_WARN_UNGUARDED_AVAILABILITY = YES_AGGRESSIVE;
				CLANG_WARN_UNREACHABLE_CODE = YES;
				CLANG_WARN__DUPLICATE_METHOD_MATCH = YES;
				COPY_PHASE_STRIP = NO;
				DEBUG_INFORMATION_FORMAT = dwarf;
				ENABLE_STRICT_OBJC_MSGSEND = YES;
				ENABLE_TESTABILITY = YES;
				GCC_C_LANGUAGE_STANDARD = gnu11;
				GCC_DYNAMIC_NO_PIC = NO;
				GCC_NO_COMMON_BLOCKS = YES;
				GCC_OPTIMIZATION_LEVEL = 0;
				GCC_PREPROCESSOR_DEFINITIONS = (
					"DEBUG=1",
					"$(inherited)",
				);
				GCC_WARN_64_TO_32_BIT_CONVERSION = YES;
				GCC_WARN_ABOUT_RETURN_TYPE = YES_ERROR;
				GCC_WARN_UNDECLARED_SELECTOR = YES;
				GCC_WARN_UNINITIALIZED_AUTOS = YES_AGGRESSIVE;
				GCC_WARN_UNUSED_FUNCTION = YES;
				GCC_WARN_UNUSED_VARIABLE = YES;
				IPHONEOS_DEPLOYMENT_TARGET = 14.5;
				MTL_ENABLE_DEBUG_INFO = INCLUDE_SOURCE;
				MTL_FAST_MATH = YES;
				ONLY_ACTIVE_ARCH = YES;
				SDKROOT = iphoneos;
				SWIFT_ACTIVE_COMPILATION_CONDITIONS = DEBUG;
				SWIFT_OPTIMIZATION_LEVEL = "-Onone";
			};
			name = Debug;
		};
		1147AE0126ECD53200A30AAF /* Release */ = {
			isa = XCBuildConfiguration;
			buildSettings = {
				ALWAYS_SEARCH_USER_PATHS = NO;
				CLANG_ANALYZER_NONNULL = YES;
				CLANG_ANALYZER_NUMBER_OBJECT_CONVERSION = YES_AGGRESSIVE;
				CLANG_CXX_LANGUAGE_STANDARD = "gnu++14";
				CLANG_CXX_LIBRARY = "libc++";
				CLANG_ENABLE_MODULES = YES;
				CLANG_ENABLE_OBJC_ARC = YES;
				CLANG_ENABLE_OBJC_WEAK = YES;
				CLANG_WARN_BLOCK_CAPTURE_AUTORELEASING = YES;
				CLANG_WARN_BOOL_CONVERSION = YES;
				CLANG_WARN_COMMA = YES;
				CLANG_WARN_CONSTANT_CONVERSION = YES;
				CLANG_WARN_DEPRECATED_OBJC_IMPLEMENTATIONS = YES;
				CLANG_WARN_DIRECT_OBJC_ISA_USAGE = YES_ERROR;
				CLANG_WARN_DOCUMENTATION_COMMENTS = YES;
				CLANG_WARN_EMPTY_BODY = YES;
				CLANG_WARN_ENUM_CONVERSION = YES;
				CLANG_WARN_INFINITE_RECURSION = YES;
				CLANG_WARN_INT_CONVERSION = YES;
				CLANG_WARN_NON_LITERAL_NULL_CONVERSION = YES;
				CLANG_WARN_OBJC_IMPLICIT_RETAIN_SELF = YES;
				CLANG_WARN_OBJC_LITERAL_CONVERSION = YES;
				CLANG_WARN_OBJC_ROOT_CLASS = YES_ERROR;
				CLANG_WARN_QUOTED_INCLUDE_IN_FRAMEWORK_HEADER = YES;
				CLANG_WARN_RANGE_LOOP_ANALYSIS = YES;
				CLANG_WARN_STRICT_PROTOTYPES = YES;
				CLANG_WARN_SUSPICIOUS_MOVE = YES;
				CLANG_WARN_UNGUARDED_AVAILABILITY = YES_AGGRESSIVE;
				CLANG_WARN_UNREACHABLE_CODE = YES;
				CLANG_WARN__DUPLICATE_METHOD_MATCH = YES;
				COPY_PHASE_STRIP = NO;
				DEBUG_INFORMATION_FORMAT = "dwarf-with-dsym";
				ENABLE_NS_ASSERTIONS = NO;
				ENABLE_STRICT_OBJC_MSGSEND = YES;
				GCC_C_LANGUAGE_STANDARD = gnu11;
				GCC_NO_COMMON_BLOCKS = YES;
				GCC_WARN_64_TO_32_BIT_CONVERSION = YES;
				GCC_WARN_ABOUT_RETURN_TYPE = YES_ERROR;
				GCC_WARN_UNDECLARED_SELECTOR = YES;
				GCC_WARN_UNINITIALIZED_AUTOS = YES_AGGRESSIVE;
				GCC_WARN_UNUSED_FUNCTION = YES;
				GCC_WARN_UNUSED_VARIABLE = YES;
				IPHONEOS_DEPLOYMENT_TARGET = 14.5;
				MTL_ENABLE_DEBUG_INFO = NO;
				MTL_FAST_MATH = YES;
				SDKROOT = iphoneos;
				SWIFT_COMPILATION_MODE = wholemodule;
				SWIFT_OPTIMIZATION_LEVEL = "-O";
				VALIDATE_PRODUCT = YES;
			};
			name = Release;
		};
		1147AE0326ECD53200A30AAF /* Debug */ = {
			isa = XCBuildConfiguration;
			buildSettings = {
				ASSETCATALOG_COMPILER_APPICON_NAME = AppIcon;
				ASSETCATALOG_COMPILER_GLOBAL_ACCENT_COLOR_NAME = AccentColor;
				CODE_SIGN_STYLE = Automatic;
				INFOPLIST_FILE = GamerApp/Info.plist;
				IPHONEOS_DEPLOYMENT_TARGET = 11.0;
				LD_RUNPATH_SEARCH_PATHS = (
					"$(inherited)",
					"@executable_path/Frameworks",
				);
				PRODUCT_BUNDLE_IDENTIFIER = per.erenerinanc.GamerApp;
				PRODUCT_NAME = "$(TARGET_NAME)";
				SWIFT_VERSION = 5.0;
				TARGETED_DEVICE_FAMILY = "1,2";
			};
			name = Debug;
		};
		1147AE0426ECD53200A30AAF /* Release */ = {
			isa = XCBuildConfiguration;
			buildSettings = {
				ASSETCATALOG_COMPILER_APPICON_NAME = AppIcon;
				ASSETCATALOG_COMPILER_GLOBAL_ACCENT_COLOR_NAME = AccentColor;
				CODE_SIGN_STYLE = Automatic;
				INFOPLIST_FILE = GamerApp/Info.plist;
				IPHONEOS_DEPLOYMENT_TARGET = 11.0;
				LD_RUNPATH_SEARCH_PATHS = (
					"$(inherited)",
					"@executable_path/Frameworks",
				);
				PRODUCT_BUNDLE_IDENTIFIER = per.erenerinanc.GamerApp;
				PRODUCT_NAME = "$(TARGET_NAME)";
				SWIFT_VERSION = 5.0;
				TARGETED_DEVICE_FAMILY = "1,2";
			};
			name = Release;
		};
/* End XCBuildConfiguration section */

/* Begin XCConfigurationList section */
		1147ADE626ECD53100A30AAF /* Build configuration list for PBXProject "GamerApp" */ = {
			isa = XCConfigurationList;
			buildConfigurations = (
				1147AE0026ECD53200A30AAF /* Debug */,
				1147AE0126ECD53200A30AAF /* Release */,
			);
			defaultConfigurationIsVisible = 0;
			defaultConfigurationName = Release;
		};
		1147AE0226ECD53200A30AAF /* Build configuration list for PBXNativeTarget "GamerApp" */ = {
			isa = XCConfigurationList;
			buildConfigurations = (
				1147AE0326ECD53200A30AAF /* Debug */,
				1147AE0426ECD53200A30AAF /* Release */,
			);
			defaultConfigurationIsVisible = 0;
			defaultConfigurationName = Release;
		};
/* End XCConfigurationList section */

/* Begin XCRemoteSwiftPackageReference section */
		1142AD5A26F0A287001B1F53 /* XCRemoteSwiftPackageReference "Nuke" */ = {
			isa = XCRemoteSwiftPackageReference;
			repositoryURL = "https://github.com/kean/Nuke";
			requirement = {
				kind = upToNextMajorVersion;
				minimumVersion = 10.4.1;
			};
		};
		1147AE4726ECDAF800A30AAF /* XCRemoteSwiftPackageReference "SnapKit" */ = {
			isa = XCRemoteSwiftPackageReference;
			repositoryURL = "https://github.com/SnapKit/SnapKit";
			requirement = {
				kind = upToNextMajorVersion;
				minimumVersion = 5.0.1;
			};
		};
/* End XCRemoteSwiftPackageReference section */

/* Begin XCSwiftPackageProductDependency section */
		1142AD5B26F0A287001B1F53 /* Nuke */ = {
			isa = XCSwiftPackageProductDependency;
			package = 1142AD5A26F0A287001B1F53 /* XCRemoteSwiftPackageReference "Nuke" */;
			productName = Nuke;
		};
		1147AE4826ECDAF800A30AAF /* SnapKit */ = {
			isa = XCSwiftPackageProductDependency;
			package = 1147AE4726ECDAF800A30AAF /* XCRemoteSwiftPackageReference "SnapKit" */;
			productName = SnapKit;
		};
/* End XCSwiftPackageProductDependency section */

/* Begin XCVersionGroup section */
		1147ADF726ECD53100A30AAF /* GamerApp.xcdatamodeld */ = {
			isa = XCVersionGroup;
			children = (
				1147ADF826ECD53100A30AAF /* GamerApp.xcdatamodel */,
			);
			currentVersion = 1147ADF826ECD53100A30AAF /* GamerApp.xcdatamodel */;
			path = GamerApp.xcdatamodeld;
			sourceTree = "<group>";
			versionGroupType = wrapper.xcdatamodel;
		};
/* End XCVersionGroup section */
	};
	rootObject = 1147ADE326ECD53100A30AAF /* Project object */;
}
